
Microsoft Visual Studio Solution File, Format Version 12.00
# Visual Studio Version 17
VisualStudioVersion = 17.12.35527.113 d17.12
MinimumVisualStudioVersion = 10.0.40219.1
Project("{FAE04EC0-301F-11D3-BF4B-00C04F79EFBC}") = "BlazorApp", "BlazorApp\BlazorApp\BlazorApp.csproj", "{F6CEDEC9-650F-4161-BFD3-ADED537A7219}"
EndProject
Project("{FAE04EC0-301F-11D3-BF4B-00C04F79EFBC}") = "BlazorApp.Client", "BlazorApp\BlazorApp.Client\BlazorApp.Client.csproj", "{3713A966-B85E-4DA1-A01F-475EA10793C8}"
EndProject
Global
	GlobalSection(SolutionConfigurationPlatforms) = preSolution
		Debug|Any CPU = Debug|Any CPU
		Release|Any CPU = Release|Any CPU
	EndGlobalSection
	GlobalSection(ProjectConfigurationPlatforms) = postSolution
		{F6CEDEC9-650F-4161-BFD3-ADED537A7219}.Debug|Any CPU.ActiveCfg = Debug|Any CPU
		{F6CEDEC9-650F-4161-BFD3-ADED537A7219}.Debug|Any CPU.Build.0 = Debug|Any CPU
		{F6CEDEC9-650F-4161-BFD3-ADED537A7219}.Release|Any CPU.ActiveCfg = Release|Any CPU
		{F6CEDEC9-650F-4161-BFD3-ADED537A7219}.Release|Any CPU.Build.0 = Release|Any CPU
		{3713A966-B85E-4DA1-A01F-475EA10793C8}.Debug|Any CPU.ActiveCfg = Debug|Any CPU
		{3713A966-B85E-4DA1-A01F-475EA10793C8}.Debug|Any CPU.Build.0 = Debug|Any CPU
		{3713A966-B85E-4DA1-A01F-475EA10793C8}.Release|Any CPU.ActiveCfg = Release|Any CPU
		{3713A966-B85E-4DA1-A01F-475EA10793C8}.Release|Any CPU.Build.0 = Release|Any CPU
	EndGlobalSection
	GlobalSection(SolutionProperties) = preSolution
		HideSolutionNode = FALSE
	EndGlobalSection
EndGlobal
